# ggen.lock — generated by `ggen sync`. Do not edit.

[packs.beam4pm-pro-infra]
source = "path:vendor/ggen-marketplace/packs/beam4pm-pro-infra-pack"
content_hash = "blake3:fd6338ebdcfe13a120540f81d872ddc2a85ab17a1e1057de09099d26ab5dfccf"

[packs.beam4pm-process-model]
source = "path:vendor/ggen-marketplace/packs/beam4pm-process-model-pack"
content_hash = "blake3:4f78a3e0df1e67f309e71fc34ba76aa63af67834327af9d43907398070b0af1d"
