# ggen.lock — generated by `ggen sync`. Do not edit.

[packs.beam4pm-ai-contracts]
source = "path:vendor/ggen-marketplace/packs/beam4pm-ai-contracts-pack"
content_hash = "blake3:6e2e0fed73ef0c75e4a73ef6ba8a808fa26529acdf931661e5532ce11c84628f"

[packs.beam4pm-pro-infra]
source = "path:vendor/ggen-marketplace/packs/beam4pm-pro-infra-pack"
content_hash = "blake3:f2a2fd56596951ffbde5c0db931204178a36c82294e70bb6d7aba32db02499f0"

[packs.beam4pm-process-model]
source = "path:vendor/ggen-marketplace/packs/beam4pm-process-model-pack"
content_hash = "blake3:f7af02e4575e6c3e90daea9a9760773d1b50f05dfecd86bc990d3fec22eb374e"

[packs.github-actions-pack]
source = "path:vendor/ggen-marketplace/packs/github-actions-pack"
content_hash = "blake3:5e05f3b85ca34f7678a647253a199346c4917a6f9149177a13971a3991579f27"
