# ggen.lock — generated by `ggen sync`. Do not edit.

[packs.beam4pm-ai-contracts]
source = "path:vendor/ggen-marketplace/packs/beam4pm-ai-contracts-pack"
content_hash = "blake3:6039012127f70a12111b64ec8503dd5af486e166bf0c133c5df097cff6aa9943"

[packs.beam4pm-pro-entitlement]
source = "path:vendor/ggen-marketplace/packs/beam4pm-pro-entitlement-pack"
content_hash = "blake3:9a15eca16d8eda823e55eddb56ff930b0e1834cd44306b5bc836cd61d8d3caee"

[packs.beam4pm-pro-infra]
source = "path:vendor/ggen-marketplace/packs/beam4pm-pro-infra-pack"
content_hash = "blake3:7d069bbc76b22d685a10e00acea10222be388580203ccfb91d2dc34df7856ea5"

[packs.beam4pm-process-model]
source = "path:vendor/ggen-marketplace/packs/beam4pm-process-model-pack"
content_hash = "blake3:4937754de1b54b9bb18f89a5cf778cbd806dd8e738d1fa57dc10ef173d7ca98b"

[packs.frontier-release]
source = "path:vendor/ggen-marketplace/packs/frontier-release-beam-pack"
content_hash = "blake3:db66e43ad9684aa25ccb9cbde9c27a732922c63334628b048749c5dacfb12056"

[packs.github-actions-pack]
source = "path:vendor/ggen-marketplace/packs/github-actions-pack"
content_hash = "blake3:bc07910463a1bed1cb62d248aa4f4d97b84b5d5f77066926782390a47b11e3a3"
